
Microsoft Visual Studio Solution File, Format Version 12.00
# Visual Studio 2015
Project("{FAE04EC0-301F-11D3-BF4B-00C04F79EFBC}") = "GAM111.2_Turn_Based_Economy--master.CSharp", "GAM111.2_Turn_Based_Economy--master.CSharp.csproj", "{88D8D781-C9A6-6A77-4147-2726B507CE2B}"
EndProject
Global
	GlobalSection(SolutionConfigurationPlatforms) = preSolution
		Debug|Any CPU = Debug|Any CPU
		Release|Any CPU = Release|Any CPU
	EndGlobalSection
	GlobalSection(ProjectConfigurationPlatforms) = postSolution
		{88D8D781-C9A6-6A77-4147-2726B507CE2B}.Debug|Any CPU.ActiveCfg = Debug|Any CPU
		{88D8D781-C9A6-6A77-4147-2726B507CE2B}.Debug|Any CPU.Build.0 = Debug|Any CPU
		{88D8D781-C9A6-6A77-4147-2726B507CE2B}.Release|Any CPU.ActiveCfg = Release|Any CPU
		{88D8D781-C9A6-6A77-4147-2726B507CE2B}.Release|Any CPU.Build.0 = Release|Any CPU
	EndGlobalSection
	GlobalSection(SolutionProperties) = preSolution
		HideSolutionNode = FALSE
	EndGlobalSection
EndGlobal
